Microsoft Visual Studio Solution File, Format Version 12.00
# Visual Studio Version 17
VisualStudioVersion = 17.1.32228.430
MinimumVisualStudioVersion = 10.0.40219.1
Project("{9A19103F-16F7-4668-BE54-9A1E7A4F7556}") = "DeepDiff", "DeepDiff\DeepDiff.csproj", "{EDE95E06-E308-4701-AD50-1318C039A029}"
EndProject
Project("{9A19103F-16F7-4668-BE54-9A1E7A4F7556}") = "TestApp", "TestApp\TestApp.csproj", "{978D922C-944C-4A85-81AF-DEEC52D9404F}"
EndProject
Project("{9A19103F-16F7-4668-BE54-9A1E7A4F7556}") = "DeepDiff.UnitTest", "DeepDiff.UnitTest\DeepDiff.UnitTest.csproj", "{7540A163-3543-4C75-BE5B-E89D1355C996}"
EndProject
Project("{2150E333-8FDC-42A3-9474-1A3956D46DE8}") = "Solution Items", "Solution Items", "{A270A11D-1904-4D02-B5CB-5ADBC751ECC7}"
	ProjectSection(SolutionItems) = preProject
		TODO.txt = TODO.txt
	EndProjectSection
EndProject
Project("{9A19103F-16F7-4668-BE54-9A1E7A4F7556}") = "DeepDiff.Benchmark", "DeepDiff.Benchmark\DeepDiff.Benchmark.csproj", "{042BCDB0-D034-4CB5-8943-9246DB1112A2}"
EndProject
Project("{9A19103F-16F7-4668-BE54-9A1E7A4F7556}") = "TestAppNet5", "TestAppNet5\TestAppNet5.csproj", "{6B315DAC-2330-40E8-B6D9-8AA473759180}"
EndProject
Project("{9A19103F-16F7-4668-BE54-9A1E7A4F7556}") = "DeepDiff.PerformanceTest", "DeepDiff.PerformanceTest\DeepDiff.PerformanceTest.csproj", "{665CB559-16D0-402E-9977-553E406E3DC9}"
EndProject
Global
	GlobalSection(SolutionConfigurationPlatforms) = preSolution
		Debug|Any CPU = Debug|Any CPU
		Release|Any CPU = Release|Any CPU
	EndGlobalSection
	GlobalSection(ProjectConfigurationPlatforms) = postSolution
		{EDE95E06-E308-4701-AD50-1318C039A029}.Debug|Any CPU.ActiveCfg = Debug|Any CPU
		{EDE95E06-E308-4701-AD50-1318C039A029}.Debug|Any CPU.Build.0 = Debug|Any CPU
		{EDE95E06-E308-4701-AD50-1318C039A029}.Release|Any CPU.ActiveCfg = Release|Any CPU
		{EDE95E06-E308-4701-AD50-1318C039A029}.Release|Any CPU.Build.0 = Release|Any CPU
		{978D922C-944C-4A85-81AF-DEEC52D9404F}.Debug|Any CPU.ActiveCfg = Debug|Any CPU
		{978D922C-944C-4A85-81AF-DEEC52D9404F}.Debug|Any CPU.Build.0 = Debug|Any CPU
		{978D922C-944C-4A85-81AF-DEEC52D9404F}.Release|Any CPU.ActiveCfg = Release|Any CPU
		{978D922C-944C-4A85-81AF-DEEC52D9404F}.Release|Any CPU.Build.0 = Release|Any CPU
		{7540A163-3543-4C75-BE5B-E89D1355C996}.Debug|Any CPU.ActiveCfg = Debug|Any CPU
		{7540A163-3543-4C75-BE5B-E89D1355C996}.Debug|Any CPU.Build.0 = Debug|Any CPU
		{7540A163-3543-4C75-BE5B-E89D1355C996}.Release|Any CPU.ActiveCfg = Release|Any CPU
		{7540A163-3543-4C75-BE5B-E89D1355C996}.Release|Any CPU.Build.0 = Release|Any CPU
		{042BCDB0-D034-4CB5-8943-9246DB1112A2}.Debug|Any CPU.ActiveCfg = Debug|Any CPU
		{042BCDB0-D034-4CB5-8943-9246DB1112A2}.Debug|Any CPU.Build.0 = Debug|Any CPU
		{042BCDB0-D034-4CB5-8943-9246DB1112A2}.Release|Any CPU.ActiveCfg = Release|Any CPU
		{042BCDB0-D034-4CB5-8943-9246DB1112A2}.Release|Any CPU.Build.0 = Release|Any CPU
		{6B315DAC-2330-40E8-B6D9-8AA473759180}.Debug|Any CPU.ActiveCfg = Debug|Any CPU
		{6B315DAC-2330-40E8-B6D9-8AA473759180}.Debug|Any CPU.Build.0 = Debug|Any CPU
		{6B315DAC-2330-40E8-B6D9-8AA473759180}.Release|Any CPU.ActiveCfg = Release|Any CPU
		{6B315DAC-2330-40E8-B6D9-8AA473759180}.Release|Any CPU.Build.0 = Release|Any CPU
		{665CB559-16D0-402E-9977-553E406E3DC9}.Debug|Any CPU.ActiveCfg = Debug|Any CPU
		{665CB559-16D0-402E-9977-553E406E3DC9}.Debug|Any CPU.Build.0 = Debug|Any CPU
		{665CB559-16D0-402E-9977-553E406E3DC9}.Release|Any CPU.ActiveCfg = Release|Any CPU
		{665CB559-16D0-402E-9977-553E406E3DC9}.Release|Any CPU.Build.0 = Release|Any CPU
	EndGlobalSection
	GlobalSection(SolutionProperties) = preSolution
		HideSolutionNode = FALSE
	EndGlobalSection
	GlobalSection(ExtensibilityGlobals) = postSolution
		SolutionGuid = {6530C82C-BF86-412C-BD04-90F5E66309AB}
	EndGlobalSection
EndGlobal
